dependencies:
- name: vault
  repository: https://helm.releases.hashicorp.com
  version: 0.27.0
- name: external-secrets
  repository: https://charts.external-secrets.io
  version: 0.9.11
digest: sha256:c042336de9fb89ec0550f00489a00472aefeaa4651d00d1460837dcce57ec5f0
generated: "2024-01-26T15:15:39.677575+02:00"
